
Microsoft Visual Studio Solution File, Format Version 12.00
# Visual Studio Version 17
VisualStudioVersion = 17.14.36518.9 d17.14
MinimumVisualStudioVersion = 10.0.40219.1
Project("{8BC9CEB8-8B4A-11D0-8D11-00A0C91BC942}") = "5.归并排序", "5.归并排序.vcxproj", "{95993318-9C22-4E48-8701-24D80E09B81A}"
EndProject
Global
	GlobalSection(SolutionConfigurationPlatforms) = preSolution
		Debug|x64 = Debug|x64
		Debug|x86 = Debug|x86
		Release|x64 = Release|x64
		Release|x86 = Release|x86
	EndGlobalSection
	GlobalSection(ProjectConfigurationPlatforms) = postSolution
		{95993318-9C22-4E48-8701-24D80E09B81A}.Debug|x64.ActiveCfg = Debug|x64
		{95993318-9C22-4E48-8701-24D80E09B81A}.Debug|x64.Build.0 = Debug|x64
		{95993318-9C22-4E48-8701-24D80E09B81A}.Debug|x86.ActiveCfg = Debug|Win32
		{95993318-9C22-4E48-8701-24D80E09B81A}.Debug|x86.Build.0 = Debug|Win32
		{95993318-9C22-4E48-8701-24D80E09B81A}.Release|x64.ActiveCfg = Release|x64
		{95993318-9C22-4E48-8701-24D80E09B81A}.Release|x64.Build.0 = Release|x64
		{95993318-9C22-4E48-8701-24D80E09B81A}.Release|x86.ActiveCfg = Release|Win32
		{95993318-9C22-4E48-8701-24D80E09B81A}.Release|x86.Build.0 = Release|Win32
	EndGlobalSection
	GlobalSection(SolutionProperties) = preSolution
		HideSolutionNode = FALSE
	EndGlobalSection
	GlobalSection(ExtensibilityGlobals) = postSolution
		SolutionGuid = {F06EFE2E-12EF-419E-B9D0-3F057BB82A1E}
	EndGlobalSection
EndGlobal
