
Microsoft Visual Studio Solution File, Format Version 12.00
# Visual Studio Version 17
VisualStudioVersion = 17.14.36401.2 d17.14
MinimumVisualStudioVersion = 10.0.40219.1
Project("{8BC9CEB8-8B4A-11D0-8D11-00A0C91BC942}") = "7_1 stl stack基础概念", "7_1 stl stack基础概念.vcxproj", "{29BEC0BD-7781-4E59-8844-1383CE60116A}"
EndProject
Global
	GlobalSection(SolutionConfigurationPlatforms) = preSolution
		Debug|x64 = Debug|x64
		Debug|x86 = Debug|x86
		Release|x64 = Release|x64
		Release|x86 = Release|x86
	EndGlobalSection
	GlobalSection(ProjectConfigurationPlatforms) = postSolution
		{29BEC0BD-7781-4E59-8844-1383CE60116A}.Debug|x64.ActiveCfg = Debug|x64
		{29BEC0BD-7781-4E59-8844-1383CE60116A}.Debug|x64.Build.0 = Debug|x64
		{29BEC0BD-7781-4E59-8844-1383CE60116A}.Debug|x86.ActiveCfg = Debug|Win32
		{29BEC0BD-7781-4E59-8844-1383CE60116A}.Debug|x86.Build.0 = Debug|Win32
		{29BEC0BD-7781-4E59-8844-1383CE60116A}.Release|x64.ActiveCfg = Release|x64
		{29BEC0BD-7781-4E59-8844-1383CE60116A}.Release|x64.Build.0 = Release|x64
		{29BEC0BD-7781-4E59-8844-1383CE60116A}.Release|x86.ActiveCfg = Release|Win32
		{29BEC0BD-7781-4E59-8844-1383CE60116A}.Release|x86.Build.0 = Release|Win32
	EndGlobalSection
	GlobalSection(SolutionProperties) = preSolution
		HideSolutionNode = FALSE
	EndGlobalSection
	GlobalSection(ExtensibilityGlobals) = postSolution
		SolutionGuid = {740AFE91-4C75-4B77-88D9-D8F0838E869C}
	EndGlobalSection
EndGlobal
