
Microsoft Visual Studio Solution File, Format Version 12.00
# Visual Studio Version 17
VisualStudioVersion = 17.14.36401.2 d17.14
MinimumVisualStudioVersion = 10.0.40219.1
Project("{8BC9CEB8-8B4A-11D0-8D11-00A0C91BC942}") = "7_8 stack 容器替换", "7_8 stack 容器替换.vcxproj", "{4DA8BAA0-0DED-4CAA-87B5-6D7D6FF5ECA4}"
EndProject
Global
	GlobalSection(SolutionConfigurationPlatforms) = preSolution
		Debug|x64 = Debug|x64
		Debug|x86 = Debug|x86
		Release|x64 = Release|x64
		Release|x86 = Release|x86
	EndGlobalSection
	GlobalSection(ProjectConfigurationPlatforms) = postSolution
		{4DA8BAA0-0DED-4CAA-87B5-6D7D6FF5ECA4}.Debug|x64.ActiveCfg = Debug|x64
		{4DA8BAA0-0DED-4CAA-87B5-6D7D6FF5ECA4}.Debug|x64.Build.0 = Debug|x64
		{4DA8BAA0-0DED-4CAA-87B5-6D7D6FF5ECA4}.Debug|x86.ActiveCfg = Debug|Win32
		{4DA8BAA0-0DED-4CAA-87B5-6D7D6FF5ECA4}.Debug|x86.Build.0 = Debug|Win32
		{4DA8BAA0-0DED-4CAA-87B5-6D7D6FF5ECA4}.Release|x64.ActiveCfg = Release|x64
		{4DA8BAA0-0DED-4CAA-87B5-6D7D6FF5ECA4}.Release|x64.Build.0 = Release|x64
		{4DA8BAA0-0DED-4CAA-87B5-6D7D6FF5ECA4}.Release|x86.ActiveCfg = Release|Win32
		{4DA8BAA0-0DED-4CAA-87B5-6D7D6FF5ECA4}.Release|x86.Build.0 = Release|Win32
	EndGlobalSection
	GlobalSection(SolutionProperties) = preSolution
		HideSolutionNode = FALSE
	EndGlobalSection
	GlobalSection(ExtensibilityGlobals) = postSolution
		SolutionGuid = {51036125-DF04-4F19-A01F-468E1A021DE1}
	EndGlobalSection
EndGlobal
